{
  "name": "atelier-pglite",
  "lockfileVersion": 3,
  "requires": true,
  "packages": {
    "": {
      "name": "atelier-pglite",
      "dependencies": {
        "@electric-sql/pglite": "0.4.2",
        "@electric-sql/pglite-socket": "0.1.2"
      }
    },
    "node_modules/@electric-sql/pglite": {
      "version": "0.4.2",
      "resolved": "https://registry.npmjs.org/@electric-sql/pglite/-/pglite-0.4.2.tgz",
      "integrity": "sha512-1GUUl/MZpy5QWgWisD3Epho3GkJrZ1MzVgQpo2pifQWUs96F9rXKZxeVLPhkwFYck34CH/kQ8lis6wX9ifn3kg==",
      "license": "Apache-2.0"
    },
    "node_modules/@electric-sql/pglite-socket": {
      "version": "0.1.2",
      "resolved": "https://registry.npmjs.org/@electric-sql/pglite-socket/-/pglite-socket-0.1.2.tgz",
      "integrity": "sha512-Hz+IIentlbz9Zpln7Ft0iTDtbLvIfmmwIIC0CCU6ViklsDzbOIZV9xqcbvME21O3pqjjDNhERc57ynRCdshkZA==",
      "license": "Apache-2.0",
      "bin": {
        "pglite-server": "dist/scripts/server.js"
      },
      "peerDependencies": {
        "@electric-sql/pglite": "0.4.2"
      }
    }
  }
}
