{
  "name": "atelier-pglite",
  "lockfileVersion": 3,
  "requires": true,
  "packages": {
    "": {
      "name": "atelier-pglite",
      "dependencies": {
        "@electric-sql/pglite": "0.4.4",
        "@electric-sql/pglite-socket": "0.1.4"
      }
    },
    "node_modules/@electric-sql/pglite": {
      "version": "0.4.4",
      "resolved": "https://registry.npmjs.org/@electric-sql/pglite/-/pglite-0.4.4.tgz",
      "integrity": "sha512-g/6CWAJ4XOkObWCWAQ2IReZD8VvsDy3poRHSKvpRR2F96F8WJ3HVbjpso3gN7l0q6QPPgvxSSpl/qo5k8a7mkQ==",
      "license": "Apache-2.0"
    },
    "node_modules/@electric-sql/pglite-socket": {
      "version": "0.1.4",
      "resolved": "https://registry.npmjs.org/@electric-sql/pglite-socket/-/pglite-socket-0.1.4.tgz",
      "integrity": "sha512-2LuMFxJPE2FbjWDrWpylWwhZ5uT03rQfBLM7g2AdZmiG3JjC8sbYFkFR4ZeoqVcn22wKzpJTXFV22mQ+s4Oueg==",
      "license": "Apache-2.0",
      "bin": {
        "pglite-server": "dist/scripts/server.js"
      },
      "peerDependencies": {
        "@electric-sql/pglite": "0.4.4"
      }
    }
  }
}
